
Microsoft Visual Studio Solution File, Format Version 12.00
# Visual Studio 15
VisualStudioVersion = 15.0.28307.271
MinimumVisualStudioVersion = 10.0.40219.1
Project("{8BC9CEB8-8B4A-11D0-8D11-00A0C91BC942}") = "PR3 ispitni zadatak 10(PredmetiRazred)", "PR3 ispitni zadatak 10(PredmetiRazred)\PR3 ispitni zadatak 10(PredmetiRazred).vcxproj", "{F661CAFE-76D7-48EC-AC69-E70AE7DFEBA6}"
EndProject
Global
	GlobalSection(SolutionConfigurationPlatforms) = preSolution
		Debug|x64 = Debug|x64
		Debug|x86 = Debug|x86
		Release|x64 = Release|x64
		Release|x86 = Release|x86
	EndGlobalSection
	GlobalSection(ProjectConfigurationPlatforms) = postSolution
		{F661CAFE-76D7-48EC-AC69-E70AE7DFEBA6}.Debug|x64.ActiveCfg = Debug|x64
		{F661CAFE-76D7-48EC-AC69-E70AE7DFEBA6}.Debug|x64.Build.0 = Debug|x64
		{F661CAFE-76D7-48EC-AC69-E70AE7DFEBA6}.Debug|x86.ActiveCfg = Debug|Win32
		{F661CAFE-76D7-48EC-AC69-E70AE7DFEBA6}.Debug|x86.Build.0 = Debug|Win32
		{F661CAFE-76D7-48EC-AC69-E70AE7DFEBA6}.Release|x64.ActiveCfg = Release|x64
		{F661CAFE-76D7-48EC-AC69-E70AE7DFEBA6}.Release|x64.Build.0 = Release|x64
		{F661CAFE-76D7-48EC-AC69-E70AE7DFEBA6}.Release|x86.ActiveCfg = Release|Win32
		{F661CAFE-76D7-48EC-AC69-E70AE7DFEBA6}.Release|x86.Build.0 = Release|Win32
	EndGlobalSection
	GlobalSection(SolutionProperties) = preSolution
		HideSolutionNode = FALSE
	EndGlobalSection
	GlobalSection(ExtensibilityGlobals) = postSolution
		SolutionGuid = {E6CB0194-67BC-48A5-B7A8-062608EC00F7}
	EndGlobalSection
EndGlobal
